// !$*UTF8*$!
{
	archiveVersion = 1;
	classes = {
	};
	objectVersion = 46;
	objects = {

/* Begin PBXBuildFile section */
		4EFDF83A1C6ADB73003B70DB /* AppDelegate.swift in Sources */ = {isa = PBXBuildFile; fileRef = 4EFDF8391C6ADB73003B70DB /* AppDelegate.swift */; };
		4EFDF83C1C6ADB73003B70DB /* ViewController.swift in Sources */ = {isa = PBXBuildFile; fileRef = 4EFDF83B1C6ADB73003B70DB /* ViewController.swift */; };
		4EFDF83F1C6ADB73003B70DB /* Main.storyboard in Resources */ = {isa = PBXBuildFile; fileRef = 4EFDF83D1C6ADB73003B70DB /* Main.storyboard */; };
		4EFDF8411C6ADB73003B70DB /* Assets.xcassets in Resources */ = {isa = PBXBuildFile; fileRef = 4EFDF8401C6ADB73003B70DB /* Assets.xcassets */; };
		4EFDF8441C6ADB73003B70DB /* LaunchScreen.storyboard in Resources */ = {isa = PBXBuildFile; fileRef = 4EFDF8421C6ADB73003B70DB /* LaunchScreen.storyboard */; };
/* End PBXBuildFile section */

/* Begin PBXFileReference section */
		4EFDF8361C6ADB73003B70DB /* tapper-game.app */ = {isa = PBXFileReference; explicitFileType = wrapper.application; includeInIndex = 0; path = "tapper-game.app"; sourceTree = BUILT_PRODUCTS_DIR; };
		4EFDF8391C6ADB73003B70DB /* AppDelegate.swift */ = {isa = PBXFileReference; lastKnownFileType = sourcecode.swift; path = AppDelegate.swift; sourceTree = "<group>"; };
		4EFDF83B1C6ADB73003B70DB /* ViewController.swift */ = {isa = PBXFileReference; lastKnownFileType = sourcecode.swift; path = ViewController.swift; sourceTree = "<group>"; };
		4EFDF83E1C6ADB73003B70DB /* Base */ = {isa = PBXFileReference; lastKnownFileType = file.storyboard; name = Base; path = Base.lproj/Main.storyboard; sourceTree = "<group>"; };
		4EFDF8401C6ADB73003B70DB /* Assets.xcassets */ = {isa = PBXFileReference; lastKnownFileType = folder.assetcatalog; path = Assets.xcassets; sourceTree = "<group>"; };
		4EFDF8431C6ADB73003B70DB /* Base */ = {isa = PBXFileReference; lastKnownFileType = file.storyboard; name = Base; path = Base.lproj/LaunchScreen.storyboard; sourceTree = "<group>"; };
		4EFDF8451C6ADB73003B70DB /* Info.plist */ = {isa = PBXFileReference; lastKnownFileType = text.plist.xml; path = Info.plist; sourceTree = "<group>"; };
/* End PBXFileReference section */

/* Begin PBXFrameworksBuildPhase section */
		4EFDF8331C6ADB72003B70DB /* Frameworks */ = {
			isa = PBXFrameworksBuildPhase;
			buildActionMask = 2147483647;
			files = (
			);
			runOnlyForDeploymentPostprocessing = 0;
		};
/* End PBXFrameworksBuildPhase section */

/* Begin PBXGroup section */
		4EFDF82D1C6ADB72003B70DB = {
			isa = PBXGroup;
			children = (
				4EFDF8381C6ADB73003B70DB /* tapper-game */,
				4EFDF8371C6ADB73003B70DB /* Products */,
			);
			sourceTree = "<group>";
		};
		4EFDF8371C6ADB73003B70DB /* Products */ = {
			isa = PBXGroup;
			children = (
				4EFDF8361C6ADB73003B70DB /* tapper-game.app */,
			);
			name = Products;
			sourceTree = "<group>";
		};
		4EFDF8381C6ADB73003B70DB /* tapper-game */ = {
			isa = PBXGroup;
			children = (
				4EFDF8391C6ADB73003B70DB /* AppDelegate.swift */,
				4EFDF83B1C6ADB73003B70DB /* ViewController.swift */,
				4EFDF83D1C6ADB73003B70DB /* Main.storyboard */,
				4EFDF8401C6ADB73003B70DB /* Assets.xcassets */,
				4EFDF8421C6ADB73003B70DB /* LaunchScreen.storyboard */,
				4EFDF8451C6ADB73003B70DB /* Info.plist */,
			);
			path = "tapper-game";
			sourceTree = "<group>";
		};
/* End PBXGroup section */

/* Begin PBXNativeTarget section */
		4EFDF8351C6ADB72003B70DB /* tapper-game */ = {
			isa = PBXNativeTarget;
			buildConfigurationList = 4EFDF8481C6ADB73003B70DB /* Build configuration list for PBXNativeTarget "tapper-game" */;
			buildPhases = (
				4EFDF8321C6ADB72003B70DB /* Sources */,
				4EFDF8331C6ADB72003B70DB /* Frameworks */,
				4EFDF8341C6ADB72003B70DB /* Resources */,
			);
			buildRules = (
			);
			dependencies = (
			);
			name = "tapper-game";
			productName = "tapper-game";
			productReference = 4EFDF8361C6ADB73003B70DB /* tapper-game.app */;
			productType = "com.apple.product-type.application";
		};
/* End PBXNativeTarget section */

/* Begin PBXProject section */
		4EFDF82E1C6ADB72003B70DB /* Project object */ = {
			isa = PBXProject;
			attributes = {
				LastSwiftUpdateCheck = 0720;
				LastUpgradeCheck = 0720;
				ORGANIZATIONNAME = "Daniel J Janiak";
				TargetAttributes = {
					4EFDF8351C6ADB72003B70DB = {
						CreatedOnToolsVersion = 7.2.1;
						DevelopmentTeam = C66PLD3WQ6;
					};
				};
			};
			buildConfigurationList = 4EFDF8311C6ADB72003B70DB /* Build configuration list for PBXProject "tapper-game" */;
			compatibilityVersion = "Xcode 3.2";
			developmentRegion = English;
			hasScannedForEncodings = 0;
			knownRegions = (
				en,
				Base,
			);
			mainGroup = 4EFDF82D1C6ADB72003B70DB;
			productRefGroup = 4EFDF8371C6ADB73003B70DB /* Products */;
			projectDirPath = "";
			projectRoot = "";
			targets = (
				4EFDF8351C6ADB72003B70DB /* tapper-game */,
			);
		};
/* End PBXProject section */

/* Begin PBXResourcesBuildPhase section */
		4EFDF8341C6ADB72003B70DB /* Resources */ = {
			isa = PBXResourcesBuildPhase;
			buildActionMask = 2147483647;
			files = (
				4EFDF8441C6ADB73003B70DB /* LaunchScreen.storyboard in Resources */,
				4EFDF8411C6ADB73003B70DB /* Assets.xcassets in Resources */,
				4EFDF83F1C6ADB73003B70DB /* Main.storyboard in Resources */,
			);
			runOnlyForDeploymentPostprocessing = 0;
		};
/* End PBXResourcesBuildPhase section */

/* Begin PBXSourcesBuildPhase section */
		4EFDF8321C6ADB72003B70DB /* Sources */ = {
			isa = PBXSourcesBuildPhase;
			buildActionMask = 2147483647;
			files = (
				4EFDF83C1C6ADB73003B70DB /* ViewController.swift in Sources */,
				4EFDF83A1C6ADB73003B70DB /* AppDelegate.swift in Sources */,
			);
			runOnlyForDeploymentPostprocessing = 0;
		};
/* End PBXSourcesBuildPhase section */

/* Begin PBXVariantGroup section */
		4EFDF83D1C6ADB73003B70DB /* Main.storyboard */ = {
			isa = PBXVariantGroup;
			children = (
				4EFDF83E1C6ADB73003B70DB /* Base */,
			);
			name = Main.storyboard;
			sourceTree = "<group>";
		};
		4EFDF8421C6ADB73003B70DB /* LaunchScreen.storyboard */ = {
			isa = PBXVariantGroup;
			children = (
				4EFDF8431C6ADB73003B70DB /* Base */,
			);
			name = LaunchScreen.storyboard;
			sourceTree = "<group>";
		};
/* End PBXVariantGroup section */

/* Begin XCBuildConfiguration section */
		4EFDF8461C6ADB73003B70DB /* Debug */ = {
			isa = XCBuildConfiguration;
			buildSettings = {
				ALWAYS_SEARCH_USER_PATHS = NO;
				CLANG_CXX_LANGUAGE_STANDARD = "gnu++0x";
				CLANG_CXX_LIBRARY = "libc++";
				CLANG_ENABLE_MODULES = YES;
				CLANG_ENABLE_OBJC_ARC = YES;
				CLANG_WARN_BOOL_CONVERSION = YES;
				CLANG_WARN_CONSTANT_CONVERSION = YES;
				CLANG_WARN_DIRECT_OBJC_ISA_USAGE = YES_ERROR;
				CLANG_WARN_EMPTY_BODY = YES;
				CLANG_WARN_ENUM_CONVERSION = YES;
				CLANG_WARN_INT_CONVERSION = YES;
				CLANG_WARN_OBJC_ROOT_CLASS = YES_ERROR;
				CLANG_WARN_UNREACHABLE_CODE = YES;
				CLANG_WARN__DUPLICATE_METHOD_MATCH = YES;
				"CODE_SIGN_IDENTITY[sdk=iphoneos*]" = "iPhone Developer";
				COPY_PHASE_STRIP = NO;
				DEBUG_INFORMATION_FORMAT = dwarf;
				ENABLE_STRICT_OBJC_MSGSEND = YES;
				ENABLE_TESTABILITY = YES;
				GCC_C_LANGUAGE_STANDARD = gnu99;
				GCC_DYNAMIC_NO_PIC = NO;
				GCC_NO_COMMON_BLOCKS = YES;
				GCC_OPTIMIZATION_LEVEL = 0;
				GCC_PREPROCESSOR_DEFINITIONS = (
					"DEBUG=1",
					"$(inherited)",
				);
				GCC_WARN_64_TO_32_BIT_CONVERSION = YES;
				GCC_WARN_ABOUT_RETURN_TYPE = YES_ERROR;
				GCC_WARN_UNDECLARED_SELECTOR = YES;
				GCC_WARN_UNINITIALIZED_AUTOS = YES_AGGRESSIVE;
				GCC_WARN_UNUSED_FUNCTION = YES;
				GCC_WARN_UNUSED_VARIABLE = YES;
				IPHONEOS_DEPLOYMENT_TARGET = 9.2;
				MTL_ENABLE_DEBUG_INFO = YES;
				ONLY_ACTIVE_ARCH = YES;
				SDKROOT = iphoneos;
				SWIFT_OPTIMIZATION_LEVEL = "-Onone";
			};
			name = Debug;
		};
		4EFDF8471C6ADB73003B70DB /* Release */ = {
			isa = XCBuildConfiguration;
			buildSettings = {
				ALWAYS_SEARCH_USER_PATHS = NO;
				CLANG_CXX_LANGUAGE_STANDARD = "gnu++0x";
				CLANG_CXX_LIBRARY = "libc++";
				CLANG_ENABLE_MODULES = YES;
				CLANG_ENABLE_OBJC_ARC = YES;
				CLANG_WARN_BOOL_CONVERSION = YES;
				CLANG_WARN_CONSTANT_CONVERSION = YES;
				CLANG_WARN_DIRECT_OBJC_ISA_USAGE = YES_ERROR;
				CLANG_WARN_EMPTY_BODY = YES;
				CLANG_WARN_ENUM_CONVERSION = YES;
				CLANG_WARN_INT_CONVERSION = YES;
				CLANG_WARN_OBJC_ROOT_CLASS = YES_ERROR;
				CLANG_WARN_UNREACHABLE_CODE = YES;
				CLANG_WARN__DUPLICATE_METHOD_MATCH = YES;
				"CODE_SIGN_IDENTITY[sdk=iphoneos*]" = "iPhone Developer";
				COPY_PHASE_STRIP = NO;
				DEBUG_INFORMATION_FORMAT = "dwarf-with-dsym";
				ENABLE_NS_ASSERTIONS = NO;
				ENABLE_STRICT_OBJC_MSGSEND = YES;
				GCC_C_LANGUAGE_STANDARD = gnu99;
				GCC_NO_COMMON_BLOCKS = YES;
				GCC_WARN_64_TO_32_BIT_CONVERSION = YES;
				GCC_WARN_ABOUT_RETURN_TYPE = YES_ERROR;
				GCC_WARN_UNDECLARED_SELECTOR = YES;
				GCC_WARN_UNINITIALIZED_AUTOS = YES_AGGRESSIVE;
				GCC_WARN_UNUSED_FUNCTION = YES;
				GCC_WARN_UNUSED_VARIABLE = YES;
				IPHONEOS_DEPLOYMENT_TARGET = 9.2;
				MTL_ENABLE_DEBUG_INFO = NO;
				SDKROOT = iphoneos;
				VALIDATE_PRODUCT = YES;
			};
			name = Release;
		};
		4EFDF8491C6ADB73003B70DB /* Debug */ = {
			isa = XCBuildConfiguration;
			buildSettings = {
				ASSETCATALOG_COMPILER_APPICON_NAME = AppIcon;
				INFOPLIST_FILE = "tapper-game/Info.plist";
				LD_RUNPATH_SEARCH_PATHS = "$(inherited) @executable_path/Frameworks";
				PRODUCT_BUNDLE_IDENTIFIER = "None0209.tapper-game";
				PRODUCT_NAME = "$(TARGET_NAME)";
			};
			name = Debug;
		};
		4EFDF84A1C6ADB73003B70DB /* Release */ = {
			isa = XCBuildConfiguration;
			buildSettings = {
				ASSETCATALOG_COMPILER_APPICON_NAME = AppIcon;
				INFOPLIST_FILE = "tapper-game/Info.plist";
				LD_RUNPATH_SEARCH_PATHS = "$(inherited) @executable_path/Frameworks";
				PRODUCT_BUNDLE_IDENTIFIER = "None0209.tapper-game";
				PRODUCT_NAME = "$(TARGET_NAME)";
			};
			name = Release;
		};
/* End XCBuildConfiguration section */

/* Begin XCConfigurationList section */
		4EFDF8311C6ADB72003B70DB /* Build configuration list for PBXProject "tapper-game" */ = {
			isa = XCConfigurationList;
			buildConfigurations = (
				4EFDF8461C6ADB73003B70DB /* Debug */,
				4EFDF8471C6ADB73003B70DB /* Release */,
			);
			defaultConfigurationIsVisible = 0;
			defaultConfigurationName = Release;
		};
		4EFDF8481C6ADB73003B70DB /* Build configuration list for PBXNativeTarget "tapper-game" */ = {
			isa = XCConfigurationList;
			buildConfigurations = (
				4EFDF8491C6ADB73003B70DB /* Debug */,
				4EFDF84A1C6ADB73003B70DB /* Release */,
			);
			defaultConfigurationIsVisible = 0;
		};
/* End XCConfigurationList section */
	};
	rootObject = 4EFDF82E1C6ADB72003B70DB /* Project object */;
}
